
Microsoft Visual Studio Solution File, Format Version 12.00
# Visual Studio Version 17
VisualStudioVersion = 17.13.35507.96 d17.13
MinimumVisualStudioVersion = 10.0.40219.1
Project("{FAE04EC0-301F-11D3-BF4B-00C04F79EFBC}") = "Multi-Cast Delegate", "Multi-Cast Delegate\Multi-Cast Delegate.csproj", "{483619D8-62B6-422F-BB97-20B9FA978577}"
EndProject
Project("{FAE04EC0-301F-11D3-BF4B-00C04F79EFBC}") = "Single-Cast Delegate", "Single-Cast Delegate\Single-Cast Delegate.csproj", "{0F565B2E-DCE3-47EE-A3A6-7E4F90FF5A22}"
EndProject
Project("{FAE04EC0-301F-11D3-BF4B-00C04F79EFBC}") = "Func Delegate", "Func Delegate\Func Delegate.csproj", "{AA8AF0B8-BD56-44F5-B686-B71DE27F58BB}"
EndProject
Project("{FAE04EC0-301F-11D3-BF4B-00C04F79EFBC}") = "Action Delegate", "Action Delegate\Action Delegate.csproj", "{0A1C8144-722F-4C1B-B81B-0EAAB5E598F2}"
EndProject
Project("{FAE04EC0-301F-11D3-BF4B-00C04F79EFBC}") = "Predicate Delegate", "Predicate Delegate\Predicate Delegate.csproj", "{8B534EBC-F2FC-4A9B-A576-C5D391E65E28}"
EndProject
Global
	GlobalSection(SolutionConfigurationPlatforms) = preSolution
		Debug|Any CPU = Debug|Any CPU
		Release|Any CPU = Release|Any CPU
	EndGlobalSection
	GlobalSection(ProjectConfigurationPlatforms) = postSolution
		{483619D8-62B6-422F-BB97-20B9FA978577}.Debug|Any CPU.ActiveCfg = Debug|Any CPU
		{483619D8-62B6-422F-BB97-20B9FA978577}.Debug|Any CPU.Build.0 = Debug|Any CPU
		{483619D8-62B6-422F-BB97-20B9FA978577}.Release|Any CPU.ActiveCfg = Release|Any CPU
		{483619D8-62B6-422F-BB97-20B9FA978577}.Release|Any CPU.Build.0 = Release|Any CPU
		{0F565B2E-DCE3-47EE-A3A6-7E4F90FF5A22}.Debug|Any CPU.ActiveCfg = Debug|Any CPU
		{0F565B2E-DCE3-47EE-A3A6-7E4F90FF5A22}.Debug|Any CPU.Build.0 = Debug|Any CPU
		{0F565B2E-DCE3-47EE-A3A6-7E4F90FF5A22}.Release|Any CPU.ActiveCfg = Release|Any CPU
		{0F565B2E-DCE3-47EE-A3A6-7E4F90FF5A22}.Release|Any CPU.Build.0 = Release|Any CPU
		{AA8AF0B8-BD56-44F5-B686-B71DE27F58BB}.Debug|Any CPU.ActiveCfg = Debug|Any CPU
		{AA8AF0B8-BD56-44F5-B686-B71DE27F58BB}.Debug|Any CPU.Build.0 = Debug|Any CPU
		{AA8AF0B8-BD56-44F5-B686-B71DE27F58BB}.Release|Any CPU.ActiveCfg = Release|Any CPU
		{AA8AF0B8-BD56-44F5-B686-B71DE27F58BB}.Release|Any CPU.Build.0 = Release|Any CPU
		{0A1C8144-722F-4C1B-B81B-0EAAB5E598F2}.Debug|Any CPU.ActiveCfg = Debug|Any CPU
		{0A1C8144-722F-4C1B-B81B-0EAAB5E598F2}.Debug|Any CPU.Build.0 = Debug|Any CPU
		{0A1C8144-722F-4C1B-B81B-0EAAB5E598F2}.Release|Any CPU.ActiveCfg = Release|Any CPU
		{0A1C8144-722F-4C1B-B81B-0EAAB5E598F2}.Release|Any CPU.Build.0 = Release|Any CPU
		{8B534EBC-F2FC-4A9B-A576-C5D391E65E28}.Debug|Any CPU.ActiveCfg = Debug|Any CPU
		{8B534EBC-F2FC-4A9B-A576-C5D391E65E28}.Debug|Any CPU.Build.0 = Debug|Any CPU
		{8B534EBC-F2FC-4A9B-A576-C5D391E65E28}.Release|Any CPU.ActiveCfg = Release|Any CPU
		{8B534EBC-F2FC-4A9B-A576-C5D391E65E28}.Release|Any CPU.Build.0 = Release|Any CPU
	EndGlobalSection
	GlobalSection(SolutionProperties) = preSolution
		HideSolutionNode = FALSE
	EndGlobalSection
	GlobalSection(ExtensibilityGlobals) = postSolution
		SolutionGuid = {03AB8C2B-A8A8-481F-A70C-D84AA1609603}
	EndGlobalSection
EndGlobal
